
Microsoft Visual Studio Solution File, Format Version 12.00
# Visual Studio Version 17
VisualStudioVersion = 17.7.34018.315
MinimumVisualStudioVersion = 10.0.40219.1
Project("{FAE04EC0-301F-11D3-BF4B-00C04F79EFBC}") = "Inlämning5.2", "Inlämning5.2\Inlämning5.2.csproj", "{01A75B06-D778-4478-B434-42BD323360C0}"
EndProject
Global
	GlobalSection(SolutionConfigurationPlatforms) = preSolution
		Debug|Any CPU = Debug|Any CPU
		Release|Any CPU = Release|Any CPU
	EndGlobalSection
	GlobalSection(ProjectConfigurationPlatforms) = postSolution
		{01A75B06-D778-4478-B434-42BD323360C0}.Debug|Any CPU.ActiveCfg = Debug|Any CPU
		{01A75B06-D778-4478-B434-42BD323360C0}.Debug|Any CPU.Build.0 = Debug|Any CPU
		{01A75B06-D778-4478-B434-42BD323360C0}.Release|Any CPU.ActiveCfg = Release|Any CPU
		{01A75B06-D778-4478-B434-42BD323360C0}.Release|Any CPU.Build.0 = Release|Any CPU
	EndGlobalSection
	GlobalSection(SolutionProperties) = preSolution
		HideSolutionNode = FALSE
	EndGlobalSection
	GlobalSection(ExtensibilityGlobals) = postSolution
		SolutionGuid = {56BF15DF-3CDF-40E4-B0E5-C7634A28555B}
	EndGlobalSection
EndGlobal
